
Microsoft Visual Studio Solution File, Format Version 12.00
# Visual Studio Version 16
VisualStudioVersion = 16.0.31605.320
MinimumVisualStudioVersion = 10.0.40219.1
Project("{9A19103F-16F7-4668-BE54-9A1E7A4F7556}") = "iStore", "iStore\iStore.csproj", "{2CEF0410-4F40-424C-8E9A-BBCA2FF862EF}"
EndProject
Global
	GlobalSection(SolutionConfigurationPlatforms) = preSolution
		Debug|Any CPU = Debug|Any CPU
		Release|Any CPU = Release|Any CPU
	EndGlobalSection
	GlobalSection(ProjectConfigurationPlatforms) = postSolution
		{2CEF0410-4F40-424C-8E9A-BBCA2FF862EF}.Debug|Any CPU.ActiveCfg = Debug|Any CPU
		{2CEF0410-4F40-424C-8E9A-BBCA2FF862EF}.Debug|Any CPU.Build.0 = Debug|Any CPU
		{2CEF0410-4F40-424C-8E9A-BBCA2FF862EF}.Release|Any CPU.ActiveCfg = Release|Any CPU
		{2CEF0410-4F40-424C-8E9A-BBCA2FF862EF}.Release|Any CPU.Build.0 = Release|Any CPU
	EndGlobalSection
	GlobalSection(SolutionProperties) = preSolution
		HideSolutionNode = FALSE
	EndGlobalSection
	GlobalSection(ExtensibilityGlobals) = postSolution
		SolutionGuid = {533B2807-9283-4ED2-A32F-3A7EC60B370A}
	EndGlobalSection
EndGlobal
